// !$*UTF8*$!
{
	archiveVersion = 1;
	classes = {
	};
	objectVersion = 46;
	objects = {

/* Begin PBXBuildFile section */
		0442F0311C9A937900A68277 /* main.m in Sources */ = {isa = PBXBuildFile; fileRef = 0442F0301C9A937900A68277 /* main.m */; };
		0442F0341C9A937900A68277 /* AppDelegate.m in Sources */ = {isa = PBXBuildFile; fileRef = 0442F0331C9A937900A68277 /* AppDelegate.m */; };
		0442F0371C9A937900A68277 /* ViewController.m in Sources */ = {isa = PBXBuildFile; fileRef = 0442F0361C9A937900A68277 /* ViewController.m */; };
		0442F03C1C9A937900A68277 /* Assets.xcassets in Resources */ = {isa = PBXBuildFile; fileRef = 0442F03B1C9A937900A68277 /* Assets.xcassets */; };
		0442F04A1C9A937900A68277 /* MultiVCCall02Tests.m in Sources */ = {isa = PBXBuildFile; fileRef = 0442F0491C9A937900A68277 /* MultiVCCall02Tests.m */; };
		0442F0551C9A937900A68277 /* MultiVCCall02UITests.m in Sources */ = {isa = PBXBuildFile; fileRef = 0442F0541C9A937900A68277 /* MultiVCCall02UITests.m */; };
		0442F0651C9A945200A68277 /* FirstViewController.m in Sources */ = {isa = PBXBuildFile; fileRef = 0442F0631C9A945200A68277 /* FirstViewController.m */; };
		0442F0661C9A945200A68277 /* FirstViewController.xib in Resources */ = {isa = PBXBuildFile; fileRef = 0442F0641C9A945200A68277 /* FirstViewController.xib */; };
		0442F06A1C9A948200A68277 /* SecondViewController.m in Sources */ = {isa = PBXBuildFile; fileRef = 0442F0681C9A948200A68277 /* SecondViewController.m */; };
		0442F06B1C9A948200A68277 /* SecondViewController.xib in Resources */ = {isa = PBXBuildFile; fileRef = 0442F0691C9A948200A68277 /* SecondViewController.xib */; };
/* End PBXBuildFile section */

/* Begin PBXContainerItemProxy section */
		0442F0461C9A937900A68277 /* PBXContainerItemProxy */ = {
			isa = PBXContainerItemProxy;
			containerPortal = 0442F0241C9A937900A68277 /* Project object */;
			proxyType = 1;
			remoteGlobalIDString = 0442F02B1C9A937900A68277;
			remoteInfo = MultiVCCall02;
		};
		0442F0511C9A937900A68277 /* PBXContainerItemProxy */ = {
			isa = PBXContainerItemProxy;
			containerPortal = 0442F0241C9A937900A68277 /* Project object */;
			proxyType = 1;
			remoteGlobalIDString = 0442F02B1C9A937900A68277;
			remoteInfo = MultiVCCall02;
		};
/* End PBXContainerItemProxy section */

/* Begin PBXFileReference section */
		0442F02C1C9A937900A68277 /* MultiVCCall02.app */ = {isa = PBXFileReference; explicitFileType = wrapper.application; includeInIndex = 0; path = MultiVCCall02.app; sourceTree = BUILT_PRODUCTS_DIR; };
		0442F0301C9A937900A68277 /* main.m */ = {isa = PBXFileReference; lastKnownFileType = sourcecode.c.objc; path = main.m; sourceTree = "<group>"; };
		0442F0321C9A937900A68277 /* AppDelegate.h */ = {isa = PBXFileReference; lastKnownFileType = sourcecode.c.h; path = AppDelegate.h; sourceTree = "<group>"; };
		0442F0331C9A937900A68277 /* AppDelegate.m */ = {isa = PBXFileReference; lastKnownFileType = sourcecode.c.objc; path = AppDelegate.m; sourceTree = "<group>"; };
		0442F0351C9A937900A68277 /* ViewController.h */ = {isa = PBXFileReference; lastKnownFileType = sourcecode.c.h; path = ViewController.h; sourceTree = "<group>"; };
		0442F0361C9A937900A68277 /* ViewController.m */ = {isa = PBXFileReference; lastKnownFileType = sourcecode.c.objc; path = ViewController.m; sourceTree = "<group>"; };
		0442F03B1C9A937900A68277 /* Assets.xcassets */ = {isa = PBXFileReference; lastKnownFileType = folder.assetcatalog; path = Assets.xcassets; sourceTree = "<group>"; };
		0442F0401C9A937900A68277 /* Info.plist */ = {isa = PBXFileReference; lastKnownFileType = text.plist.xml; path = Info.plist; sourceTree = "<group>"; };
		0442F0451C9A937900A68277 /* MultiVCCall02Tests.xctest */ = {isa = PBXFileReference; explicitFileType = wrapper.cfbundle; includeInIndex = 0; path = MultiVCCall02Tests.xctest; sourceTree = BUILT_PRODUCTS_DIR; };
		0442F0491C9A937900A68277 /* MultiVCCall02Tests.m */ = {isa = PBXFileReference; lastKnownFileType = sourcecode.c.objc; path = MultiVCCall02Tests.m; sourceTree = "<group>"; };
		0442F04B1C9A937900A68277 /* Info.plist */ = {isa = PBXFileReference; lastKnownFileType = text.plist.xml; path = Info.plist; sourceTree = "<group>"; };
		0442F0501C9A937900A68277 /* MultiVCCall02UITests.xctest */ = {isa = PBXFileReference; explicitFileType = wrapper.cfbundle; includeInIndex = 0; path = MultiVCCall02UITests.xctest; sourceTree = BUILT_PRODUCTS_DIR; };
		0442F0541C9A937900A68277 /* MultiVCCall02UITests.m */ = {isa = PBXFileReference; lastKnownFileType = sourcecode.c.objc; path = MultiVCCall02UITests.m; sourceTree = "<group>"; };
		0442F0561C9A937900A68277 /* Info.plist */ = {isa = PBXFileReference; lastKnownFileType = text.plist.xml; path = Info.plist; sourceTree = "<group>"; };
		0442F0621C9A945200A68277 /* FirstViewController.h */ = {isa = PBXFileReference; fileEncoding = 4; lastKnownFileType = sourcecode.c.h; path = FirstViewController.h; sourceTree = "<group>"; };
		0442F0631C9A945200A68277 /* FirstViewController.m */ = {isa = PBXFileReference; fileEncoding = 4; lastKnownFileType = sourcecode.c.objc; path = FirstViewController.m; sourceTree = "<group>"; };
		0442F0641C9A945200A68277 /* FirstViewController.xib */ = {isa = PBXFileReference; fileEncoding = 4; lastKnownFileType = file.xib; path = FirstViewController.xib; sourceTree = "<group>"; };
		0442F0671C9A948200A68277 /* SecondViewController.h */ = {isa = PBXFileReference; fileEncoding = 4; lastKnownFileType = sourcecode.c.h; path = SecondViewController.h; sourceTree = "<group>"; };
		0442F0681C9A948200A68277 /* SecondViewController.m */ = {isa = PBXFileReference; fileEncoding = 4; lastKnownFileType = sourcecode.c.objc; path = SecondViewController.m; sourceTree = "<group>"; };
		0442F0691C9A948200A68277 /* SecondViewController.xib */ = {isa = PBXFileReference; fileEncoding = 4; lastKnownFileType = file.xib; path = SecondViewController.xib; sourceTree = "<group>"; };
/* End PBXFileReference section */

/* Begin PBXFrameworksBuildPhase section */
		0442F0291C9A937900A68277 /* Frameworks */ = {
			isa = PBXFrameworksBuildPhase;
			buildActionMask = 2147483647;
			files = (
			);
			runOnlyForDeploymentPostprocessing = 0;
		};
		0442F0421C9A937900A68277 /* Frameworks */ = {
			isa = PBXFrameworksBuildPhase;
			buildActionMask = 2147483647;
			files = (
			);
			runOnlyForDeploymentPostprocessing = 0;
		};
		0442F04D1C9A937900A68277 /* Frameworks */ = {
			isa = PBXFrameworksBuildPhase;
			buildActionMask = 2147483647;
			files = (
			);
			runOnlyForDeploymentPostprocessing = 0;
		};
/* End PBXFrameworksBuildPhase section */

/* Begin PBXGroup section */
		0442F0231C9A937900A68277 = {
			isa = PBXGroup;
			children = (
				0442F02E1C9A937900A68277 /* MultiVCCall02 */,
				0442F0481C9A937900A68277 /* MultiVCCall02Tests */,
				0442F0531C9A937900A68277 /* MultiVCCall02UITests */,
				0442F02D1C9A937900A68277 /* Products */,
			);
			sourceTree = "<group>";
		};
		0442F02D1C9A937900A68277 /* Products */ = {
			isa = PBXGroup;
			children = (
				0442F02C1C9A937900A68277 /* MultiVCCall02.app */,
				0442F0451C9A937900A68277 /* MultiVCCall02Tests.xctest */,
				0442F0501C9A937900A68277 /* MultiVCCall02UITests.xctest */,
			);
			name = Products;
			sourceTree = "<group>";
		};
		0442F02E1C9A937900A68277 /* MultiVCCall02 */ = {
			isa = PBXGroup;
			children = (
				0442F0621C9A945200A68277 /* FirstViewController.h */,
				0442F0631C9A945200A68277 /* FirstViewController.m */,
				0442F0641C9A945200A68277 /* FirstViewController.xib */,
				0442F0671C9A948200A68277 /* SecondViewController.h */,
				0442F0681C9A948200A68277 /* SecondViewController.m */,
				0442F0691C9A948200A68277 /* SecondViewController.xib */,
				0442F02F1C9A937900A68277 /* Supporting Files */,
			);
			path = MultiVCCall02;
			sourceTree = "<group>";
		};
		0442F02F1C9A937900A68277 /* Supporting Files */ = {
			isa = PBXGroup;
			children = (
				0442F0321C9A937900A68277 /* AppDelegate.h */,
				0442F0331C9A937900A68277 /* AppDelegate.m */,
				0442F0351C9A937900A68277 /* ViewController.h */,
				0442F0361C9A937900A68277 /* ViewController.m */,
				0442F03B1C9A937900A68277 /* Assets.xcassets */,
				0442F0401C9A937900A68277 /* Info.plist */,
				0442F0301C9A937900A68277 /* main.m */,
			);
			name = "Supporting Files";
			sourceTree = "<group>";
		};
		0442F0481C9A937900A68277 /* MultiVCCall02Tests */ = {
			isa = PBXGroup;
			children = (
				0442F0491C9A937900A68277 /* MultiVCCall02Tests.m */,
				0442F04B1C9A937900A68277 /* Info.plist */,
			);
			path = MultiVCCall02Tests;
			sourceTree = "<group>";
		};
		0442F0531C9A937900A68277 /* MultiVCCall02UITests */ = {
			isa = PBXGroup;
			children = (
				0442F0541C9A937900A68277 /* MultiVCCall02UITests.m */,
				0442F0561C9A937900A68277 /* Info.plist */,
			);
			path = MultiVCCall02UITests;
			sourceTree = "<group>";
		};
/* End PBXGroup section */

/* Begin PBXNativeTarget section */
		0442F02B1C9A937900A68277 /* MultiVCCall02 */ = {
			isa = PBXNativeTarget;
			buildConfigurationList = 0442F0591C9A937900A68277 /* Build configuration list for PBXNativeTarget "MultiVCCall02" */;
			buildPhases = (
				0442F0281C9A937900A68277 /* Sources */,
				0442F0291C9A937900A68277 /* Frameworks */,
				0442F02A1C9A937900A68277 /* Resources */,
			);
			buildRules = (
			);
			dependencies = (
			);
			name = MultiVCCall02;
			productName = MultiVCCall02;
			productReference = 0442F02C1C9A937900A68277 /* MultiVCCall02.app */;
			productType = "com.apple.product-type.application";
		};
		0442F0441C9A937900A68277 /* MultiVCCall02Tests */ = {
			isa = PBXNativeTarget;
			buildConfigurationList = 0442F05C1C9A937900A68277 /* Build configuration list for PBXNativeTarget "MultiVCCall02Tests" */;
			buildPhases = (
				0442F0411C9A937900A68277 /* Sources */,
				0442F0421C9A937900A68277 /* Frameworks */,
				0442F0431C9A937900A68277 /* Resources */,
			);
			buildRules = (
			);
			dependencies = (
				0442F0471C9A937900A68277 /* PBXTargetDependency */,
			);
			name = MultiVCCall02Tests;
			productName = MultiVCCall02Tests;
			productReference = 0442F0451C9A937900A68277 /* MultiVCCall02Tests.xctest */;
			productType = "com.apple.product-type.bundle.unit-test";
		};
		0442F04F1C9A937900A68277 /* MultiVCCall02UITests */ = {
			isa = PBXNativeTarget;
			buildConfigurationList = 0442F05F1C9A937900A68277 /* Build configuration list for PBXNativeTarget "MultiVCCall02UITests" */;
			buildPhases = (
				0442F04C1C9A937900A68277 /* Sources */,
				0442F04D1C9A937900A68277 /* Frameworks */,
				0442F04E1C9A937900A68277 /* Resources */,
			);
			buildRules = (
			);
			dependencies = (
				0442F0521C9A937900A68277 /* PBXTargetDependency */,
			);
			name = MultiVCCall02UITests;
			productName = MultiVCCall02UITests;
			productReference = 0442F0501C9A937900A68277 /* MultiVCCall02UITests.xctest */;
			productType = "com.apple.product-type.bundle.ui-testing";
		};
/* End PBXNativeTarget section */

/* Begin PBXProject section */
		0442F0241C9A937900A68277 /* Project object */ = {
			isa = PBXProject;
			attributes = {
				LastUpgradeCheck = 0720;
				ORGANIZATIONNAME = zk;
				TargetAttributes = {
					0442F02B1C9A937900A68277 = {
						CreatedOnToolsVersion = 7.2.1;
					};
					0442F0441C9A937900A68277 = {
						CreatedOnToolsVersion = 7.2.1;
						TestTargetID = 0442F02B1C9A937900A68277;
					};
					0442F04F1C9A937900A68277 = {
						CreatedOnToolsVersion = 7.2.1;
						TestTargetID = 0442F02B1C9A937900A68277;
					};
				};
			};
			buildConfigurationList = 0442F0271C9A937900A68277 /* Build configuration list for PBXProject "MultiVCCall02" */;
			compatibilityVersion = "Xcode 3.2";
			developmentRegion = English;
			hasScannedForEncodings = 0;
			knownRegions = (
				en,
				Base,
			);
			mainGroup = 0442F0231C9A937900A68277;
			productRefGroup = 0442F02D1C9A937900A68277 /* Products */;
			projectDirPath = "";
			projectRoot = "";
			targets = (
				0442F02B1C9A937900A68277 /* MultiVCCall02 */,
				0442F0441C9A937900A68277 /* MultiVCCall02Tests */,
				0442F04F1C9A937900A68277 /* MultiVCCall02UITests */,
			);
		};
/* End PBXProject section */

/* Begin PBXResourcesBuildPhase section */
		0442F02A1C9A937900A68277 /* Resources */ = {
			isa = PBXResourcesBuildPhase;
			buildActionMask = 2147483647;
			files = (
				0442F03C1C9A937900A68277 /* Assets.xcassets in Resources */,
				0442F0661C9A945200A68277 /* FirstViewController.xib in Resources */,
				0442F06B1C9A948200A68277 /* SecondViewController.xib in Resources */,
			);
			runOnlyForDeploymentPostprocessing = 0;
		};
		0442F0431C9A937900A68277 /* Resources */ = {
			isa = PBXResourcesBuildPhase;
			buildActionMask = 2147483647;
			files = (
			);
			runOnlyForDeploymentPostprocessing = 0;
		};
		0442F04E1C9A937900A68277 /* Resources */ = {
			isa = PBXResourcesBuildPhase;
			buildActionMask = 2147483647;
			files = (
			);
			runOnlyForDeploymentPostprocessing = 0;
		};
/* End PBXResourcesBuildPhase section */

/* Begin PBXSourcesBuildPhase section */
		0442F0281C9A937900A68277 /* Sources */ = {
			isa = PBXSourcesBuildPhase;
			buildActionMask = 2147483647;
			files = (
				0442F06A1C9A948200A68277 /* SecondViewController.m in Sources */,
				0442F0371C9A937900A68277 /* ViewController.m in Sources */,
				0442F0341C9A937900A68277 /* AppDelegate.m in Sources */,
				0442F0311C9A937900A68277 /* main.m in Sources */,
				0442F0651C9A945200A68277 /* FirstViewController.m in Sources */,
			);
			runOnlyForDeploymentPostprocessing = 0;
		};
		0442F0411C9A937900A68277 /* Sources */ = {
			isa = PBXSourcesBuildPhase;
			buildActionMask = 2147483647;
			files = (
				0442F04A1C9A937900A68277 /* MultiVCCall02Tests.m in Sources */,
			);
			runOnlyForDeploymentPostprocessing = 0;
		};
		0442F04C1C9A937900A68277 /* Sources */ = {
			isa = PBXSourcesBuildPhase;
			buildActionMask = 2147483647;
			files = (
				0442F0551C9A937900A68277 /* MultiVCCall02UITests.m in Sources */,
			);
			runOnlyForDeploymentPostprocessing = 0;
		};
/* End PBXSourcesBuildPhase section */

/* Begin PBXTargetDependency section */
		0442F0471C9A937900A68277 /* PBXTargetDependency */ = {
			isa = PBXTargetDependency;
			target = 0442F02B1C9A937900A68277 /* MultiVCCall02 */;
			targetProxy = 0442F0461C9A937900A68277 /* PBXContainerItemProxy */;
		};
		0442F0521C9A937900A68277 /* PBXTargetDependency */ = {
			isa = PBXTargetDependency;
			target = 0442F02B1C9A937900A68277 /* MultiVCCall02 */;
			targetProxy = 0442F0511C9A937900A68277 /* PBXContainerItemProxy */;
		};
/* End PBXTargetDependency section */

/* Begin XCBuildConfiguration section */
		0442F0571C9A937900A68277 /* Debug */ = {
			isa = XCBuildConfiguration;
			buildSettings = {
				ALWAYS_SEARCH_USER_PATHS = NO;
				CLANG_CXX_LANGUAGE_STANDARD = "gnu++0x";
				CLANG_CXX_LIBRARY = "libc++";
				CLANG_ENABLE_MODULES = YES;
				CLANG_ENABLE_OBJC_ARC = YES;
				CLANG_WARN_BOOL_CONVERSION = YES;
				CLANG_WARN_CONSTANT_CONVERSION = YES;
				CLANG_WARN_DIRECT_OBJC_ISA_USAGE = YES_ERROR;
				CLANG_WARN_EMPTY_BODY = YES;
				CLANG_WARN_ENUM_CONVERSION = YES;
				CLANG_WARN_INT_CONVERSION = YES;
				CLANG_WARN_OBJC_ROOT_CLASS = YES_ERROR;
				CLANG_WARN_UNREACHABLE_CODE = YES;
				CLANG_WARN__DUPLICATE_METHOD_MATCH = YES;
				"CODE_SIGN_IDENTITY[sdk=iphoneos*]" = "iPhone Developer";
				COPY_PHASE_STRIP = NO;
				DEBUG_INFORMATION_FORMAT = dwarf;
				ENABLE_STRICT_OBJC_MSGSEND = YES;
				ENABLE_TESTABILITY = YES;
				GCC_C_LANGUAGE_STANDARD = gnu99;
				GCC_DYNAMIC_NO_PIC = NO;
				GCC_NO_COMMON_BLOCKS = YES;
				GCC_OPTIMIZATION_LEVEL = 0;
				GCC_PREPROCESSOR_DEFINITIONS = (
					"DEBUG=1",
					"$(inherited)",
				);
				GCC_WARN_64_TO_32_BIT_CONVERSION = YES;
				GCC_WARN_ABOUT_RETURN_TYPE = YES_ERROR;
				GCC_WARN_UNDECLARED_SELECTOR = YES;
				GCC_WARN_UNINITIALIZED_AUTOS = YES_AGGRESSIVE;
				GCC_WARN_UNUSED_FUNCTION = YES;
				GCC_WARN_UNUSED_VARIABLE = YES;
				IPHONEOS_DEPLOYMENT_TARGET = 9.2;
				MTL_ENABLE_DEBUG_INFO = YES;
				ONLY_ACTIVE_ARCH = YES;
				SDKROOT = iphoneos;
			};
			name = Debug;
		};
		0442F0581C9A937900A68277 /* Release */ = {
			isa = XCBuildConfiguration;
			buildSettings = {
				ALWAYS_SEARCH_USER_PATHS = NO;
				CLANG_CXX_LANGUAGE_STANDARD = "gnu++0x";
				CLANG_CXX_LIBRARY = "libc++";
				CLANG_ENABLE_MODULES = YES;
				CLANG_ENABLE_OBJC_ARC = YES;
				CLANG_WARN_BOOL_CONVERSION = YES;
				CLANG_WARN_CONSTANT_CONVERSION = YES;
				CLANG_WARN_DIRECT_OBJC_ISA_USAGE = YES_ERROR;
				CLANG_WARN_EMPTY_BODY = YES;
				CLANG_WARN_ENUM_CONVERSION = YES;
				CLANG_WARN_INT_CONVERSION = YES;
				CLANG_WARN_OBJC_ROOT_CLASS = YES_ERROR;
				CLANG_WARN_UNREACHABLE_CODE = YES;
				CLANG_WARN__DUPLICATE_METHOD_MATCH = YES;
				"CODE_SIGN_IDENTITY[sdk=iphoneos*]" = "iPhone Developer";
				COPY_PHASE_STRIP = NO;
				DEBUG_INFORMATION_FORMAT = "dwarf-with-dsym";
				ENABLE_NS_ASSERTIONS = NO;
				ENABLE_STRICT_OBJC_MSGSEND = YES;
				GCC_C_LANGUAGE_STANDARD = gnu99;
				GCC_NO_COMMON_BLOCKS = YES;
				GCC_WARN_64_TO_32_BIT_CONVERSION = YES;
				GCC_WARN_ABOUT_RETURN_TYPE = YES_ERROR;
				GCC_WARN_UNDECLARED_SELECTOR = YES;
				GCC_WARN_UNINITIALIZED_AUTOS = YES_AGGRESSIVE;
				GCC_WARN_UNUSED_FUNCTION = YES;
				GCC_WARN_UNUSED_VARIABLE = YES;
				IPHONEOS_DEPLOYMENT_TARGET = 9.2;
				MTL_ENABLE_DEBUG_INFO = NO;
				SDKROOT = iphoneos;
				VALIDATE_PRODUCT = YES;
			};
			name = Release;
		};
		0442F05A1C9A937900A68277 /* Debug */ = {
			isa = XCBuildConfiguration;
			buildSettings = {
				ASSETCATALOG_COMPILER_APPICON_NAME = AppIcon;
				INFOPLIST_FILE = MultiVCCall02/Info.plist;
				LD_RUNPATH_SEARCH_PATHS = "$(inherited) @executable_path/Frameworks";
				PRODUCT_BUNDLE_IDENTIFIER = zk.org.MultiVCCall02;
				PRODUCT_NAME = "$(TARGET_NAME)";
			};
			name = Debug;
		};
		0442F05B1C9A937900A68277 /* Release */ = {
			isa = XCBuildConfiguration;
			buildSettings = {
				ASSETCATALOG_COMPILER_APPICON_NAME = AppIcon;
				INFOPLIST_FILE = MultiVCCall02/Info.plist;
				LD_RUNPATH_SEARCH_PATHS = "$(inherited) @executable_path/Frameworks";
				PRODUCT_BUNDLE_IDENTIFIER = zk.org.MultiVCCall02;
				PRODUCT_NAME = "$(TARGET_NAME)";
			};
			name = Release;
		};
		0442F05D1C9A937900A68277 /* Debug */ = {
			isa = XCBuildConfiguration;
			buildSettings = {
				BUNDLE_LOADER = "$(TEST_HOST)";
				INFOPLIST_FILE = MultiVCCall02Tests/Info.plist;
				LD_RUNPATH_SEARCH_PATHS = "$(inherited) @executable_path/Frameworks @loader_path/Frameworks";
				PRODUCT_BUNDLE_IDENTIFIER = zk.org.MultiVCCall02Tests;
				PRODUCT_NAME = "$(TARGET_NAME)";
				TEST_HOST = "$(BUILT_PRODUCTS_DIR)/MultiVCCall02.app/MultiVCCall02";
			};
			name = Debug;
		};
		0442F05E1C9A937900A68277 /* Release */ = {
			isa = XCBuildConfiguration;
			buildSettings = {
				BUNDLE_LOADER = "$(TEST_HOST)";
				INFOPLIST_FILE = MultiVCCall02Tests/Info.plist;
				LD_RUNPATH_SEARCH_PATHS = "$(inherited) @executable_path/Frameworks @loader_path/Frameworks";
				PRODUCT_BUNDLE_IDENTIFIER = zk.org.MultiVCCall02Tests;
				PRODUCT_NAME = "$(TARGET_NAME)";
				TEST_HOST = "$(BUILT_PRODUCTS_DIR)/MultiVCCall02.app/MultiVCCall02";
			};
			name = Release;
		};
		0442F0601C9A937900A68277 /* Debug */ = {
			isa = XCBuildConfiguration;
			buildSettings = {
				INFOPLIST_FILE = MultiVCCall02UITests/Info.plist;
				LD_RUNPATH_SEARCH_PATHS = "$(inherited) @executable_path/Frameworks @loader_path/Frameworks";
				PRODUCT_BUNDLE_IDENTIFIER = zk.org.MultiVCCall02UITests;
				PRODUCT_NAME = "$(TARGET_NAME)";
				TEST_TARGET_NAME = MultiVCCall02;
				USES_XCTRUNNER = YES;
			};
			name = Debug;
		};
		0442F0611C9A937900A68277 /* Release */ = {
			isa = XCBuildConfiguration;
			buildSettings = {
				INFOPLIST_FILE = MultiVCCall02UITests/Info.plist;
				LD_RUNPATH_SEARCH_PATHS = "$(inherited) @executable_path/Frameworks @loader_path/Frameworks";
				PRODUCT_BUNDLE_IDENTIFIER = zk.org.MultiVCCall02UITests;
				PRODUCT_NAME = "$(TARGET_NAME)";
				TEST_TARGET_NAME = MultiVCCall02;
				USES_XCTRUNNER = YES;
			};
			name = Release;
		};
/* End XCBuildConfiguration section */

/* Begin XCConfigurationList section */
		0442F0271C9A937900A68277 /* Build configuration list for PBXProject "MultiVCCall02" */ = {
			isa = XCConfigurationList;
			buildConfigurations = (
				0442F0571C9A937900A68277 /* Debug */,
				0442F0581C9A937900A68277 /* Release */,
			);
			defaultConfigurationIsVisible = 0;
			defaultConfigurationName = Release;
		};
		0442F0591C9A937900A68277 /* Build configuration list for PBXNativeTarget "MultiVCCall02" */ = {
			isa = XCConfigurationList;
			buildConfigurations = (
				0442F05A1C9A937900A68277 /* Debug */,
				0442F05B1C9A937900A68277 /* Release */,
			);
			defaultConfigurationIsVisible = 0;
		};
		0442F05C1C9A937900A68277 /* Build configuration list for PBXNativeTarget "MultiVCCall02Tests" */ = {
			isa = XCConfigurationList;
			buildConfigurations = (
				0442F05D1C9A937900A68277 /* Debug */,
				0442F05E1C9A937900A68277 /* Release */,
			);
			defaultConfigurationIsVisible = 0;
		};
		0442F05F1C9A937900A68277 /* Build configuration list for PBXNativeTarget "MultiVCCall02UITests" */ = {
			isa = XCConfigurationList;
			buildConfigurations = (
				0442F0601C9A937900A68277 /* Debug */,
				0442F0611C9A937900A68277 /* Release */,
			);
			defaultConfigurationIsVisible = 0;
		};
/* End XCConfigurationList section */
	};
	rootObject = 0442F0241C9A937900A68277 /* Project object */;
}
