// !$*UTF8*$!
{
	archiveVersion = 1;
	classes = {
	};
	objectVersion = 46;
	objects = {

/* Begin PBXBuildFile section */
		04372E691CA14665005A3247 /* main.m in Sources */ = {isa = PBXBuildFile; fileRef = 04372E681CA14665005A3247 /* main.m */; };
		04372E6C1CA14665005A3247 /* AppDelegate.m in Sources */ = {isa = PBXBuildFile; fileRef = 04372E6B1CA14665005A3247 /* AppDelegate.m */; };
		04372E6F1CA14665005A3247 /* ViewController.m in Sources */ = {isa = PBXBuildFile; fileRef = 04372E6E1CA14665005A3247 /* ViewController.m */; };
		04372E741CA14665005A3247 /* Assets.xcassets in Resources */ = {isa = PBXBuildFile; fileRef = 04372E731CA14665005A3247 /* Assets.xcassets */; };
		04372E821CA14666005A3247 /* TableViewtoTableViewTests.m in Sources */ = {isa = PBXBuildFile; fileRef = 04372E811CA14666005A3247 /* TableViewtoTableViewTests.m */; };
		04372E8D1CA14666005A3247 /* TableViewtoTableViewUITests.m in Sources */ = {isa = PBXBuildFile; fileRef = 04372E8C1CA14666005A3247 /* TableViewtoTableViewUITests.m */; };
		04372E9C1CA1469B005A3247 /* Area.m in Sources */ = {isa = PBXBuildFile; fileRef = 04372E9B1CA1469B005A3247 /* Area.m */; };
		04372EA01CA146E6005A3247 /* AreaTableViewController.m in Sources */ = {isa = PBXBuildFile; fileRef = 04372E9E1CA146E6005A3247 /* AreaTableViewController.m */; };
		04372EA11CA146E6005A3247 /* AreaTableViewController.xib in Resources */ = {isa = PBXBuildFile; fileRef = 04372E9F1CA146E6005A3247 /* AreaTableViewController.xib */; };
		04372EA51CA146F8005A3247 /* SubareaTableViewController.m in Sources */ = {isa = PBXBuildFile; fileRef = 04372EA31CA146F8005A3247 /* SubareaTableViewController.m */; };
		04372EA61CA146F8005A3247 /* SubareaTableViewController.xib in Resources */ = {isa = PBXBuildFile; fileRef = 04372EA41CA146F8005A3247 /* SubareaTableViewController.xib */; };
/* End PBXBuildFile section */

/* Begin PBXContainerItemProxy section */
		04372E7E1CA14665005A3247 /* PBXContainerItemProxy */ = {
			isa = PBXContainerItemProxy;
			containerPortal = 04372E5C1CA14665005A3247 /* Project object */;
			proxyType = 1;
			remoteGlobalIDString = 04372E631CA14665005A3247;
			remoteInfo = TableViewtoTableView;
		};
		04372E891CA14666005A3247 /* PBXContainerItemProxy */ = {
			isa = PBXContainerItemProxy;
			containerPortal = 04372E5C1CA14665005A3247 /* Project object */;
			proxyType = 1;
			remoteGlobalIDString = 04372E631CA14665005A3247;
			remoteInfo = TableViewtoTableView;
		};
/* End PBXContainerItemProxy section */

/* Begin PBXFileReference section */
		04372E641CA14665005A3247 /* TableViewtoTableView.app */ = {isa = PBXFileReference; explicitFileType = wrapper.application; includeInIndex = 0; path = TableViewtoTableView.app; sourceTree = BUILT_PRODUCTS_DIR; };
		04372E681CA14665005A3247 /* main.m */ = {isa = PBXFileReference; lastKnownFileType = sourcecode.c.objc; path = main.m; sourceTree = "<group>"; };
		04372E6A1CA14665005A3247 /* AppDelegate.h */ = {isa = PBXFileReference; lastKnownFileType = sourcecode.c.h; path = AppDelegate.h; sourceTree = "<group>"; };
		04372E6B1CA14665005A3247 /* AppDelegate.m */ = {isa = PBXFileReference; lastKnownFileType = sourcecode.c.objc; path = AppDelegate.m; sourceTree = "<group>"; };
		04372E6D1CA14665005A3247 /* ViewController.h */ = {isa = PBXFileReference; lastKnownFileType = sourcecode.c.h; path = ViewController.h; sourceTree = "<group>"; };
		04372E6E1CA14665005A3247 /* ViewController.m */ = {isa = PBXFileReference; lastKnownFileType = sourcecode.c.objc; path = ViewController.m; sourceTree = "<group>"; };
		04372E731CA14665005A3247 /* Assets.xcassets */ = {isa = PBXFileReference; lastKnownFileType = folder.assetcatalog; path = Assets.xcassets; sourceTree = "<group>"; };
		04372E781CA14665005A3247 /* Info.plist */ = {isa = PBXFileReference; lastKnownFileType = text.plist.xml; path = Info.plist; sourceTree = "<group>"; };
		04372E7D1CA14665005A3247 /* TableViewtoTableViewTests.xctest */ = {isa = PBXFileReference; explicitFileType = wrapper.cfbundle; includeInIndex = 0; path = TableViewtoTableViewTests.xctest; sourceTree = BUILT_PRODUCTS_DIR; };
		04372E811CA14666005A3247 /* TableViewtoTableViewTests.m */ = {isa = PBXFileReference; lastKnownFileType = sourcecode.c.objc; path = TableViewtoTableViewTests.m; sourceTree = "<group>"; };
		04372E831CA14666005A3247 /* Info.plist */ = {isa = PBXFileReference; lastKnownFileType = text.plist.xml; path = Info.plist; sourceTree = "<group>"; };
		04372E881CA14666005A3247 /* TableViewtoTableViewUITests.xctest */ = {isa = PBXFileReference; explicitFileType = wrapper.cfbundle; includeInIndex = 0; path = TableViewtoTableViewUITests.xctest; sourceTree = BUILT_PRODUCTS_DIR; };
		04372E8C1CA14666005A3247 /* TableViewtoTableViewUITests.m */ = {isa = PBXFileReference; lastKnownFileType = sourcecode.c.objc; path = TableViewtoTableViewUITests.m; sourceTree = "<group>"; };
		04372E8E1CA14666005A3247 /* Info.plist */ = {isa = PBXFileReference; lastKnownFileType = text.plist.xml; path = Info.plist; sourceTree = "<group>"; };
		04372E9A1CA1469B005A3247 /* Area.h */ = {isa = PBXFileReference; fileEncoding = 4; lastKnownFileType = sourcecode.c.h; path = Area.h; sourceTree = "<group>"; };
		04372E9B1CA1469B005A3247 /* Area.m */ = {isa = PBXFileReference; fileEncoding = 4; lastKnownFileType = sourcecode.c.objc; path = Area.m; sourceTree = "<group>"; };
		04372E9D1CA146E6005A3247 /* AreaTableViewController.h */ = {isa = PBXFileReference; fileEncoding = 4; lastKnownFileType = sourcecode.c.h; path = AreaTableViewController.h; sourceTree = "<group>"; };
		04372E9E1CA146E6005A3247 /* AreaTableViewController.m */ = {isa = PBXFileReference; fileEncoding = 4; lastKnownFileType = sourcecode.c.objc; path = AreaTableViewController.m; sourceTree = "<group>"; };
		04372E9F1CA146E6005A3247 /* AreaTableViewController.xib */ = {isa = PBXFileReference; fileEncoding = 4; lastKnownFileType = file.xib; path = AreaTableViewController.xib; sourceTree = "<group>"; };
		04372EA21CA146F8005A3247 /* SubareaTableViewController.h */ = {isa = PBXFileReference; fileEncoding = 4; lastKnownFileType = sourcecode.c.h; path = SubareaTableViewController.h; sourceTree = "<group>"; };
		04372EA31CA146F8005A3247 /* SubareaTableViewController.m */ = {isa = PBXFileReference; fileEncoding = 4; lastKnownFileType = sourcecode.c.objc; path = SubareaTableViewController.m; sourceTree = "<group>"; };
		04372EA41CA146F8005A3247 /* SubareaTableViewController.xib */ = {isa = PBXFileReference; fileEncoding = 4; lastKnownFileType = file.xib; path = SubareaTableViewController.xib; sourceTree = "<group>"; };
/* End PBXFileReference section */

/* Begin PBXFrameworksBuildPhase section */
		04372E611CA14665005A3247 /* Frameworks */ = {
			isa = PBXFrameworksBuildPhase;
			buildActionMask = 2147483647;
			files = (
			);
			runOnlyForDeploymentPostprocessing = 0;
		};
		04372E7A1CA14665005A3247 /* Frameworks */ = {
			isa = PBXFrameworksBuildPhase;
			buildActionMask = 2147483647;
			files = (
			);
			runOnlyForDeploymentPostprocessing = 0;
		};
		04372E851CA14666005A3247 /* Frameworks */ = {
			isa = PBXFrameworksBuildPhase;
			buildActionMask = 2147483647;
			files = (
			);
			runOnlyForDeploymentPostprocessing = 0;
		};
/* End PBXFrameworksBuildPhase section */

/* Begin PBXGroup section */
		04372E5B1CA14665005A3247 = {
			isa = PBXGroup;
			children = (
				04372E661CA14665005A3247 /* TableViewtoTableView */,
				04372E801CA14665005A3247 /* TableViewtoTableViewTests */,
				04372E8B1CA14666005A3247 /* TableViewtoTableViewUITests */,
				04372E651CA14665005A3247 /* Products */,
			);
			sourceTree = "<group>";
		};
		04372E651CA14665005A3247 /* Products */ = {
			isa = PBXGroup;
			children = (
				04372E641CA14665005A3247 /* TableViewtoTableView.app */,
				04372E7D1CA14665005A3247 /* TableViewtoTableViewTests.xctest */,
				04372E881CA14666005A3247 /* TableViewtoTableViewUITests.xctest */,
			);
			name = Products;
			sourceTree = "<group>";
		};
		04372E661CA14665005A3247 /* TableViewtoTableView */ = {
			isa = PBXGroup;
			children = (
				04372E9A1CA1469B005A3247 /* Area.h */,
				04372E9B1CA1469B005A3247 /* Area.m */,
				04372E9D1CA146E6005A3247 /* AreaTableViewController.h */,
				04372E9E1CA146E6005A3247 /* AreaTableViewController.m */,
				04372E9F1CA146E6005A3247 /* AreaTableViewController.xib */,
				04372EA21CA146F8005A3247 /* SubareaTableViewController.h */,
				04372EA31CA146F8005A3247 /* SubareaTableViewController.m */,
				04372EA41CA146F8005A3247 /* SubareaTableViewController.xib */,
				04372E671CA14665005A3247 /* Supporting Files */,
			);
			path = TableViewtoTableView;
			sourceTree = "<group>";
		};
		04372E671CA14665005A3247 /* Supporting Files */ = {
			isa = PBXGroup;
			children = (
				04372E6A1CA14665005A3247 /* AppDelegate.h */,
				04372E6B1CA14665005A3247 /* AppDelegate.m */,
				04372E6D1CA14665005A3247 /* ViewController.h */,
				04372E6E1CA14665005A3247 /* ViewController.m */,
				04372E731CA14665005A3247 /* Assets.xcassets */,
				04372E781CA14665005A3247 /* Info.plist */,
				04372E681CA14665005A3247 /* main.m */,
			);
			name = "Supporting Files";
			sourceTree = "<group>";
		};
		04372E801CA14665005A3247 /* TableViewtoTableViewTests */ = {
			isa = PBXGroup;
			children = (
				04372E811CA14666005A3247 /* TableViewtoTableViewTests.m */,
				04372E831CA14666005A3247 /* Info.plist */,
			);
			path = TableViewtoTableViewTests;
			sourceTree = "<group>";
		};
		04372E8B1CA14666005A3247 /* TableViewtoTableViewUITests */ = {
			isa = PBXGroup;
			children = (
				04372E8C1CA14666005A3247 /* TableViewtoTableViewUITests.m */,
				04372E8E1CA14666005A3247 /* Info.plist */,
			);
			path = TableViewtoTableViewUITests;
			sourceTree = "<group>";
		};
/* End PBXGroup section */

/* Begin PBXNativeTarget section */
		04372E631CA14665005A3247 /* TableViewtoTableView */ = {
			isa = PBXNativeTarget;
			buildConfigurationList = 04372E911CA14666005A3247 /* Build configuration list for PBXNativeTarget "TableViewtoTableView" */;
			buildPhases = (
				04372E601CA14665005A3247 /* Sources */,
				04372E611CA14665005A3247 /* Frameworks */,
				04372E621CA14665005A3247 /* Resources */,
			);
			buildRules = (
			);
			dependencies = (
			);
			name = TableViewtoTableView;
			productName = TableViewtoTableView;
			productReference = 04372E641CA14665005A3247 /* TableViewtoTableView.app */;
			productType = "com.apple.product-type.application";
		};
		04372E7C1CA14665005A3247 /* TableViewtoTableViewTests */ = {
			isa = PBXNativeTarget;
			buildConfigurationList = 04372E941CA14666005A3247 /* Build configuration list for PBXNativeTarget "TableViewtoTableViewTests" */;
			buildPhases = (
				04372E791CA14665005A3247 /* Sources */,
				04372E7A1CA14665005A3247 /* Frameworks */,
				04372E7B1CA14665005A3247 /* Resources */,
			);
			buildRules = (
			);
			dependencies = (
				04372E7F1CA14665005A3247 /* PBXTargetDependency */,
			);
			name = TableViewtoTableViewTests;
			productName = TableViewtoTableViewTests;
			productReference = 04372E7D1CA14665005A3247 /* TableViewtoTableViewTests.xctest */;
			productType = "com.apple.product-type.bundle.unit-test";
		};
		04372E871CA14666005A3247 /* TableViewtoTableViewUITests */ = {
			isa = PBXNativeTarget;
			buildConfigurationList = 04372E971CA14666005A3247 /* Build configuration list for PBXNativeTarget "TableViewtoTableViewUITests" */;
			buildPhases = (
				04372E841CA14666005A3247 /* Sources */,
				04372E851CA14666005A3247 /* Frameworks */,
				04372E861CA14666005A3247 /* Resources */,
			);
			buildRules = (
			);
			dependencies = (
				04372E8A1CA14666005A3247 /* PBXTargetDependency */,
			);
			name = TableViewtoTableViewUITests;
			productName = TableViewtoTableViewUITests;
			productReference = 04372E881CA14666005A3247 /* TableViewtoTableViewUITests.xctest */;
			productType = "com.apple.product-type.bundle.ui-testing";
		};
/* End PBXNativeTarget section */

/* Begin PBXProject section */
		04372E5C1CA14665005A3247 /* Project object */ = {
			isa = PBXProject;
			attributes = {
				LastUpgradeCheck = 0720;
				ORGANIZATIONNAME = zk;
				TargetAttributes = {
					04372E631CA14665005A3247 = {
						CreatedOnToolsVersion = 7.2.1;
					};
					04372E7C1CA14665005A3247 = {
						CreatedOnToolsVersion = 7.2.1;
						TestTargetID = 04372E631CA14665005A3247;
					};
					04372E871CA14666005A3247 = {
						CreatedOnToolsVersion = 7.2.1;
						TestTargetID = 04372E631CA14665005A3247;
					};
				};
			};
			buildConfigurationList = 04372E5F1CA14665005A3247 /* Build configuration list for PBXProject "TableViewtoTableView" */;
			compatibilityVersion = "Xcode 3.2";
			developmentRegion = English;
			hasScannedForEncodings = 0;
			knownRegions = (
				en,
				Base,
			);
			mainGroup = 04372E5B1CA14665005A3247;
			productRefGroup = 04372E651CA14665005A3247 /* Products */;
			projectDirPath = "";
			projectRoot = "";
			targets = (
				04372E631CA14665005A3247 /* TableViewtoTableView */,
				04372E7C1CA14665005A3247 /* TableViewtoTableViewTests */,
				04372E871CA14666005A3247 /* TableViewtoTableViewUITests */,
			);
		};
/* End PBXProject section */

/* Begin PBXResourcesBuildPhase section */
		04372E621CA14665005A3247 /* Resources */ = {
			isa = PBXResourcesBuildPhase;
			buildActionMask = 2147483647;
			files = (
				04372EA11CA146E6005A3247 /* AreaTableViewController.xib in Resources */,
				04372EA61CA146F8005A3247 /* SubareaTableViewController.xib in Resources */,
				04372E741CA14665005A3247 /* Assets.xcassets in Resources */,
			);
			runOnlyForDeploymentPostprocessing = 0;
		};
		04372E7B1CA14665005A3247 /* Resources */ = {
			isa = PBXResourcesBuildPhase;
			buildActionMask = 2147483647;
			files = (
			);
			runOnlyForDeploymentPostprocessing = 0;
		};
		04372E861CA14666005A3247 /* Resources */ = {
			isa = PBXResourcesBuildPhase;
			buildActionMask = 2147483647;
			files = (
			);
			runOnlyForDeploymentPostprocessing = 0;
		};
/* End PBXResourcesBuildPhase section */

/* Begin PBXSourcesBuildPhase section */
		04372E601CA14665005A3247 /* Sources */ = {
			isa = PBXSourcesBuildPhase;
			buildActionMask = 2147483647;
			files = (
				04372E6F1CA14665005A3247 /* ViewController.m in Sources */,
				04372EA01CA146E6005A3247 /* AreaTableViewController.m in Sources */,
				04372E6C1CA14665005A3247 /* AppDelegate.m in Sources */,
				04372E9C1CA1469B005A3247 /* Area.m in Sources */,
				04372E691CA14665005A3247 /* main.m in Sources */,
				04372EA51CA146F8005A3247 /* SubareaTableViewController.m in Sources */,
			);
			runOnlyForDeploymentPostprocessing = 0;
		};
		04372E791CA14665005A3247 /* Sources */ = {
			isa = PBXSourcesBuildPhase;
			buildActionMask = 2147483647;
			files = (
				04372E821CA14666005A3247 /* TableViewtoTableViewTests.m in Sources */,
			);
			runOnlyForDeploymentPostprocessing = 0;
		};
		04372E841CA14666005A3247 /* Sources */ = {
			isa = PBXSourcesBuildPhase;
			buildActionMask = 2147483647;
			files = (
				04372E8D1CA14666005A3247 /* TableViewtoTableViewUITests.m in Sources */,
			);
			runOnlyForDeploymentPostprocessing = 0;
		};
/* End PBXSourcesBuildPhase section */

/* Begin PBXTargetDependency section */
		04372E7F1CA14665005A3247 /* PBXTargetDependency */ = {
			isa = PBXTargetDependency;
			target = 04372E631CA14665005A3247 /* TableViewtoTableView */;
			targetProxy = 04372E7E1CA14665005A3247 /* PBXContainerItemProxy */;
		};
		04372E8A1CA14666005A3247 /* PBXTargetDependency */ = {
			isa = PBXTargetDependency;
			target = 04372E631CA14665005A3247 /* TableViewtoTableView */;
			targetProxy = 04372E891CA14666005A3247 /* PBXContainerItemProxy */;
		};
/* End PBXTargetDependency section */

/* Begin XCBuildConfiguration section */
		04372E8F1CA14666005A3247 /* Debug */ = {
			isa = XCBuildConfiguration;
			buildSettings = {
				ALWAYS_SEARCH_USER_PATHS = NO;
				CLANG_CXX_LANGUAGE_STANDARD = "gnu++0x";
				CLANG_CXX_LIBRARY = "libc++";
				CLANG_ENABLE_MODULES = YES;
				CLANG_ENABLE_OBJC_ARC = YES;
				CLANG_WARN_BOOL_CONVERSION = YES;
				CLANG_WARN_CONSTANT_CONVERSION = YES;
				CLANG_WARN_DIRECT_OBJC_ISA_USAGE = YES_ERROR;
				CLANG_WARN_EMPTY_BODY = YES;
				CLANG_WARN_ENUM_CONVERSION = YES;
				CLANG_WARN_INT_CONVERSION = YES;
				CLANG_WARN_OBJC_ROOT_CLASS = YES_ERROR;
				CLANG_WARN_UNREACHABLE_CODE = YES;
				CLANG_WARN__DUPLICATE_METHOD_MATCH = YES;
				"CODE_SIGN_IDENTITY[sdk=iphoneos*]" = "iPhone Developer";
				COPY_PHASE_STRIP = NO;
				DEBUG_INFORMATION_FORMAT = dwarf;
				ENABLE_STRICT_OBJC_MSGSEND = YES;
				ENABLE_TESTABILITY = YES;
				GCC_C_LANGUAGE_STANDARD = gnu99;
				GCC_DYNAMIC_NO_PIC = NO;
				GCC_NO_COMMON_BLOCKS = YES;
				GCC_OPTIMIZATION_LEVEL = 0;
				GCC_PREPROCESSOR_DEFINITIONS = (
					"DEBUG=1",
					"$(inherited)",
				);
				GCC_WARN_64_TO_32_BIT_CONVERSION = YES;
				GCC_WARN_ABOUT_RETURN_TYPE = YES_ERROR;
				GCC_WARN_UNDECLARED_SELECTOR = YES;
				GCC_WARN_UNINITIALIZED_AUTOS = YES_AGGRESSIVE;
				GCC_WARN_UNUSED_FUNCTION = YES;
				GCC_WARN_UNUSED_VARIABLE = YES;
				IPHONEOS_DEPLOYMENT_TARGET = 9.2;
				MTL_ENABLE_DEBUG_INFO = YES;
				ONLY_ACTIVE_ARCH = YES;
				SDKROOT = iphoneos;
			};
			name = Debug;
		};
		04372E901CA14666005A3247 /* Release */ = {
			isa = XCBuildConfiguration;
			buildSettings = {
				ALWAYS_SEARCH_USER_PATHS = NO;
				CLANG_CXX_LANGUAGE_STANDARD = "gnu++0x";
				CLANG_CXX_LIBRARY = "libc++";
				CLANG_ENABLE_MODULES = YES;
				CLANG_ENABLE_OBJC_ARC = YES;
				CLANG_WARN_BOOL_CONVERSION = YES;
				CLANG_WARN_CONSTANT_CONVERSION = YES;
				CLANG_WARN_DIRECT_OBJC_ISA_USAGE = YES_ERROR;
				CLANG_WARN_EMPTY_BODY = YES;
				CLANG_WARN_ENUM_CONVERSION = YES;
				CLANG_WARN_INT_CONVERSION = YES;
				CLANG_WARN_OBJC_ROOT_CLASS = YES_ERROR;
				CLANG_WARN_UNREACHABLE_CODE = YES;
				CLANG_WARN__DUPLICATE_METHOD_MATCH = YES;
				"CODE_SIGN_IDENTITY[sdk=iphoneos*]" = "iPhone Developer";
				COPY_PHASE_STRIP = NO;
				DEBUG_INFORMATION_FORMAT = "dwarf-with-dsym";
				ENABLE_NS_ASSERTIONS = NO;
				ENABLE_STRICT_OBJC_MSGSEND = YES;
				GCC_C_LANGUAGE_STANDARD = gnu99;
				GCC_NO_COMMON_BLOCKS = YES;
				GCC_WARN_64_TO_32_BIT_CONVERSION = YES;
				GCC_WARN_ABOUT_RETURN_TYPE = YES_ERROR;
				GCC_WARN_UNDECLARED_SELECTOR = YES;
				GCC_WARN_UNINITIALIZED_AUTOS = YES_AGGRESSIVE;
				GCC_WARN_UNUSED_FUNCTION = YES;
				GCC_WARN_UNUSED_VARIABLE = YES;
				IPHONEOS_DEPLOYMENT_TARGET = 9.2;
				MTL_ENABLE_DEBUG_INFO = NO;
				SDKROOT = iphoneos;
				VALIDATE_PRODUCT = YES;
			};
			name = Release;
		};
		04372E921CA14666005A3247 /* Debug */ = {
			isa = XCBuildConfiguration;
			buildSettings = {
				ASSETCATALOG_COMPILER_APPICON_NAME = AppIcon;
				INFOPLIST_FILE = TableViewtoTableView/Info.plist;
				LD_RUNPATH_SEARCH_PATHS = "$(inherited) @executable_path/Frameworks";
				PRODUCT_BUNDLE_IDENTIFIER = zk.org.TableViewtoTableView;
				PRODUCT_NAME = "$(TARGET_NAME)";
			};
			name = Debug;
		};
		04372E931CA14666005A3247 /* Release */ = {
			isa = XCBuildConfiguration;
			buildSettings = {
				ASSETCATALOG_COMPILER_APPICON_NAME = AppIcon;
				INFOPLIST_FILE = TableViewtoTableView/Info.plist;
				LD_RUNPATH_SEARCH_PATHS = "$(inherited) @executable_path/Frameworks";
				PRODUCT_BUNDLE_IDENTIFIER = zk.org.TableViewtoTableView;
				PRODUCT_NAME = "$(TARGET_NAME)";
			};
			name = Release;
		};
		04372E951CA14666005A3247 /* Debug */ = {
			isa = XCBuildConfiguration;
			buildSettings = {
				BUNDLE_LOADER = "$(TEST_HOST)";
				INFOPLIST_FILE = TableViewtoTableViewTests/Info.plist;
				LD_RUNPATH_SEARCH_PATHS = "$(inherited) @executable_path/Frameworks @loader_path/Frameworks";
				PRODUCT_BUNDLE_IDENTIFIER = zk.org.TableViewtoTableViewTests;
				PRODUCT_NAME = "$(TARGET_NAME)";
				TEST_HOST = "$(BUILT_PRODUCTS_DIR)/TableViewtoTableView.app/TableViewtoTableView";
			};
			name = Debug;
		};
		04372E961CA14666005A3247 /* Release */ = {
			isa = XCBuildConfiguration;
			buildSettings = {
				BUNDLE_LOADER = "$(TEST_HOST)";
				INFOPLIST_FILE = TableViewtoTableViewTests/Info.plist;
				LD_RUNPATH_SEARCH_PATHS = "$(inherited) @executable_path/Frameworks @loader_path/Frameworks";
				PRODUCT_BUNDLE_IDENTIFIER = zk.org.TableViewtoTableViewTests;
				PRODUCT_NAME = "$(TARGET_NAME)";
				TEST_HOST = "$(BUILT_PRODUCTS_DIR)/TableViewtoTableView.app/TableViewtoTableView";
			};
			name = Release;
		};
		04372E981CA14666005A3247 /* Debug */ = {
			isa = XCBuildConfiguration;
			buildSettings = {
				INFOPLIST_FILE = TableViewtoTableViewUITests/Info.plist;
				LD_RUNPATH_SEARCH_PATHS = "$(inherited) @executable_path/Frameworks @loader_path/Frameworks";
				PRODUCT_BUNDLE_IDENTIFIER = zk.org.TableViewtoTableViewUITests;
				PRODUCT_NAME = "$(TARGET_NAME)";
				TEST_TARGET_NAME = TableViewtoTableView;
				USES_XCTRUNNER = YES;
			};
			name = Debug;
		};
		04372E991CA14666005A3247 /* Release */ = {
			isa = XCBuildConfiguration;
			buildSettings = {
				INFOPLIST_FILE = TableViewtoTableViewUITests/Info.plist;
				LD_RUNPATH_SEARCH_PATHS = "$(inherited) @executable_path/Frameworks @loader_path/Frameworks";
				PRODUCT_BUNDLE_IDENTIFIER = zk.org.TableViewtoTableViewUITests;
				PRODUCT_NAME = "$(TARGET_NAME)";
				TEST_TARGET_NAME = TableViewtoTableView;
				USES_XCTRUNNER = YES;
			};
			name = Release;
		};
/* End XCBuildConfiguration section */

/* Begin XCConfigurationList section */
		04372E5F1CA14665005A3247 /* Build configuration list for PBXProject "TableViewtoTableView" */ = {
			isa = XCConfigurationList;
			buildConfigurations = (
				04372E8F1CA14666005A3247 /* Debug */,
				04372E901CA14666005A3247 /* Release */,
			);
			defaultConfigurationIsVisible = 0;
			defaultConfigurationName = Release;
		};
		04372E911CA14666005A3247 /* Build configuration list for PBXNativeTarget "TableViewtoTableView" */ = {
			isa = XCConfigurationList;
			buildConfigurations = (
				04372E921CA14666005A3247 /* Debug */,
				04372E931CA14666005A3247 /* Release */,
			);
			defaultConfigurationIsVisible = 0;
		};
		04372E941CA14666005A3247 /* Build configuration list for PBXNativeTarget "TableViewtoTableViewTests" */ = {
			isa = XCConfigurationList;
			buildConfigurations = (
				04372E951CA14666005A3247 /* Debug */,
				04372E961CA14666005A3247 /* Release */,
			);
			defaultConfigurationIsVisible = 0;
		};
		04372E971CA14666005A3247 /* Build configuration list for PBXNativeTarget "TableViewtoTableViewUITests" */ = {
			isa = XCConfigurationList;
			buildConfigurations = (
				04372E981CA14666005A3247 /* Debug */,
				04372E991CA14666005A3247 /* Release */,
			);
			defaultConfigurationIsVisible = 0;
		};
/* End XCConfigurationList section */
	};
	rootObject = 04372E5C1CA14665005A3247 /* Project object */;
}
